// !$*UTF8*$!
{
	archiveVersion = 1;
	classes = {
	};
	objectVersion = 56;
	objects = {

/* Begin PBXBuildFile section */
		07AB845A29B30EBA00DCF005 /* AppDelegate.swift in Sources */ = {isa = PBXBuildFile; fileRef = 07AB845929B30EBA00DCF005 /* AppDelegate.swift */; };
		07AB845C29B30EBA00DCF005 /* SceneDelegate.swift in Sources */ = {isa = PBXBuildFile; fileRef = 07AB845B29B30EBA00DCF005 /* SceneDelegate.swift */; };
		07AB845E29B30EBA00DCF005 /* ViewController.swift in Sources */ = {isa = PBXBuildFile; fileRef = 07AB845D29B30EBA00DCF005 /* ViewController.swift */; };
		07AB846129B30EBA00DCF005 /* Main.storyboard in Resources */ = {isa = PBXBuildFile; fileRef = 07AB845F29B30EBA00DCF005 /* Main.storyboard */; };
		07AB846329B30EBC00DCF005 /* Assets.xcassets in Resources */ = {isa = PBXBuildFile; fileRef = 07AB846229B30EBC00DCF005 /* Assets.xcassets */; };
		07AB846629B30EBC00DCF005 /* LaunchScreen.storyboard in Resources */ = {isa = PBXBuildFile; fileRef = 07AB846429B30EBC00DCF005 /* LaunchScreen.storyboard */; };
		07AB847129B30EBC00DCF005 /* AppleConcurrencyStudyTests.swift in Sources */ = {isa = PBXBuildFile; fileRef = 07AB847029B30EBC00DCF005 /* AppleConcurrencyStudyTests.swift */; };
		07AB847B29B30EBC00DCF005 /* AppleConcurrencyStudyUITests.swift in Sources */ = {isa = PBXBuildFile; fileRef = 07AB847A29B30EBC00DCF005 /* AppleConcurrencyStudyUITests.swift */; };
		07AB847D29B30EBC00DCF005 /* AppleConcurrencyStudyUITestsLaunchTests.swift in Sources */ = {isa = PBXBuildFile; fileRef = 07AB847C29B30EBC00DCF005 /* AppleConcurrencyStudyUITestsLaunchTests.swift */; };
		07AB848A29B30FC900DCF005 /* ImageLoaderView.swift in Sources */ = {isa = PBXBuildFile; fileRef = 07AB848929B30FC900DCF005 /* ImageLoaderView.swift */; };
		07AB848C29B45D2900DCF005 /* ImageLiteral.swift in Sources */ = {isa = PBXBuildFile; fileRef = 07AB848B29B45D2900DCF005 /* ImageLiteral.swift */; };
		07AB849029B4742300DCF005 /* ImageSourceInfo.swift in Sources */ = {isa = PBXBuildFile; fileRef = 07AB848F29B4742300DCF005 /* ImageSourceInfo.swift */; };
/* End PBXBuildFile section */

/* Begin PBXContainerItemProxy section */
		07AB846D29B30EBC00DCF005 /* PBXContainerItemProxy */ = {
			isa = PBXContainerItemProxy;
			containerPortal = 07AB844E29B30EBA00DCF005 /* Project object */;
			proxyType = 1;
			remoteGlobalIDString = 07AB845529B30EBA00DCF005;
			remoteInfo = AppleConcurrencyStudy;
		};
		07AB847729B30EBC00DCF005 /* PBXContainerItemProxy */ = {
			isa = PBXContainerItemProxy;
			containerPortal = 07AB844E29B30EBA00DCF005 /* Project object */;
			proxyType = 1;
			remoteGlobalIDString = 07AB845529B30EBA00DCF005;
			remoteInfo = AppleConcurrencyStudy;
		};
/* End PBXContainerItemProxy section */

/* Begin PBXFileReference section */
		07AB845629B30EBA00DCF005 /* AppleConcurrencyStudy.app */ = {isa = PBXFileReference; explicitFileType = wrapper.application; includeInIndex = 0; path = AppleConcurrencyStudy.app; sourceTree = BUILT_PRODUCTS_DIR; };
		07AB845929B30EBA00DCF005 /* AppDelegate.swift */ = {isa = PBXFileReference; lastKnownFileType = sourcecode.swift; path = AppDelegate.swift; sourceTree = "<group>"; };
		07AB845B29B30EBA00DCF005 /* SceneDelegate.swift */ = {isa = PBXFileReference; lastKnownFileType = sourcecode.swift; path = SceneDelegate.swift; sourceTree = "<group>"; };
		07AB845D29B30EBA00DCF005 /* ViewController.swift */ = {isa = PBXFileReference; lastKnownFileType = sourcecode.swift; path = ViewController.swift; sourceTree = "<group>"; };
		07AB846029B30EBA00DCF005 /* Base */ = {isa = PBXFileReference; lastKnownFileType = file.storyboard; name = Base; path = Base.lproj/Main.storyboard; sourceTree = "<group>"; };
		07AB846229B30EBC00DCF005 /* Assets.xcassets */ = {isa = PBXFileReference; lastKnownFileType = folder.assetcatalog; path = Assets.xcassets; sourceTree = "<group>"; };
		07AB846529B30EBC00DCF005 /* Base */ = {isa = PBXFileReference; lastKnownFileType = file.storyboard; name = Base; path = Base.lproj/LaunchScreen.storyboard; sourceTree = "<group>"; };
		07AB846729B30EBC00DCF005 /* Info.plist */ = {isa = PBXFileReference; lastKnownFileType = text.plist.xml; path = Info.plist; sourceTree = "<group>"; };
		07AB846C29B30EBC00DCF005 /* AppleConcurrencyStudyTests.xctest */ = {isa = PBXFileReference; explicitFileType = wrapper.cfbundle; includeInIndex = 0; path = AppleConcurrencyStudyTests.xctest; sourceTree = BUILT_PRODUCTS_DIR; };
		07AB847029B30EBC00DCF005 /* AppleConcurrencyStudyTests.swift */ = {isa = PBXFileReference; lastKnownFileType = sourcecode.swift; path = AppleConcurrencyStudyTests.swift; sourceTree = "<group>"; };
		07AB847629B30EBC00DCF005 /* AppleConcurrencyStudyUITests.xctest */ = {isa = PBXFileReference; explicitFileType = wrapper.cfbundle; includeInIndex = 0; path = AppleConcurrencyStudyUITests.xctest; sourceTree = BUILT_PRODUCTS_DIR; };
		07AB847A29B30EBC00DCF005 /* AppleConcurrencyStudyUITests.swift */ = {isa = PBXFileReference; lastKnownFileType = sourcecode.swift; path = AppleConcurrencyStudyUITests.swift; sourceTree = "<group>"; };
		07AB847C29B30EBC00DCF005 /* AppleConcurrencyStudyUITestsLaunchTests.swift */ = {isa = PBXFileReference; lastKnownFileType = sourcecode.swift; path = AppleConcurrencyStudyUITestsLaunchTests.swift; sourceTree = "<group>"; };
		07AB848929B30FC900DCF005 /* ImageLoaderView.swift */ = {isa = PBXFileReference; lastKnownFileType = sourcecode.swift; path = ImageLoaderView.swift; sourceTree = "<group>"; };
		07AB848B29B45D2900DCF005 /* ImageLiteral.swift */ = {isa = PBXFileReference; lastKnownFileType = sourcecode.swift; path = ImageLiteral.swift; sourceTree = "<group>"; };
		07AB848F29B4742300DCF005 /* ImageSourceInfo.swift */ = {isa = PBXFileReference; lastKnownFileType = sourcecode.swift; path = ImageSourceInfo.swift; sourceTree = "<group>"; };
/* End PBXFileReference section */

/* Begin PBXFrameworksBuildPhase section */
		07AB845329B30EBA00DCF005 /* Frameworks */ = {
			isa = PBXFrameworksBuildPhase;
			buildActionMask = 2147483647;
			files = (
			);
			runOnlyForDeploymentPostprocessing = 0;
		};
		07AB846929B30EBC00DCF005 /* Frameworks */ = {
			isa = PBXFrameworksBuildPhase;
			buildActionMask = 2147483647;
			files = (
			);
			runOnlyForDeploymentPostprocessing = 0;
		};
		07AB847329B30EBC00DCF005 /* Frameworks */ = {
			isa = PBXFrameworksBuildPhase;
			buildActionMask = 2147483647;
			files = (
			);
			runOnlyForDeploymentPostprocessing = 0;
		};
/* End PBXFrameworksBuildPhase section */

/* Begin PBXGroup section */
		07AB844D29B30EBA00DCF005 = {
			isa = PBXGroup;
			children = (
				07AB845829B30EBA00DCF005 /* AppleConcurrencyStudy */,
				07AB846F29B30EBC00DCF005 /* AppleConcurrencyStudyTests */,
				07AB847929B30EBC00DCF005 /* AppleConcurrencyStudyUITests */,
				07AB845729B30EBA00DCF005 /* Products */,
			);
			sourceTree = "<group>";
		};
		07AB845729B30EBA00DCF005 /* Products */ = {
			isa = PBXGroup;
			children = (
				07AB845629B30EBA00DCF005 /* AppleConcurrencyStudy.app */,
				07AB846C29B30EBC00DCF005 /* AppleConcurrencyStudyTests.xctest */,
				07AB847629B30EBC00DCF005 /* AppleConcurrencyStudyUITests.xctest */,
			);
			name = Products;
			sourceTree = "<group>";
		};
		07AB845829B30EBA00DCF005 /* AppleConcurrencyStudy */ = {
			isa = PBXGroup;
			children = (
				07AB845929B30EBA00DCF005 /* AppDelegate.swift */,
				07AB845B29B30EBA00DCF005 /* SceneDelegate.swift */,
				07AB845D29B30EBA00DCF005 /* ViewController.swift */,
				07AB848929B30FC900DCF005 /* ImageLoaderView.swift */,
				07AB848B29B45D2900DCF005 /* ImageLiteral.swift */,
				07AB848F29B4742300DCF005 /* ImageSourceInfo.swift */,
				07AB845F29B30EBA00DCF005 /* Main.storyboard */,
				07AB846229B30EBC00DCF005 /* Assets.xcassets */,
				07AB846429B30EBC00DCF005 /* LaunchScreen.storyboard */,
				07AB846729B30EBC00DCF005 /* Info.plist */,
			);
			path = AppleConcurrencyStudy;
			sourceTree = "<group>";
		};
		07AB846F29B30EBC00DCF005 /* AppleConcurrencyStudyTests */ = {
			isa = PBXGroup;
			children = (
				07AB847029B30EBC00DCF005 /* AppleConcurrencyStudyTests.swift */,
			);
			path = AppleConcurrencyStudyTests;
			sourceTree = "<group>";
		};
		07AB847929B30EBC00DCF005 /* AppleConcurrencyStudyUITests */ = {
			isa = PBXGroup;
			children = (
				07AB847A29B30EBC00DCF005 /* AppleConcurrencyStudyUITests.swift */,
				07AB847C29B30EBC00DCF005 /* AppleConcurrencyStudyUITestsLaunchTests.swift */,
			);
			path = AppleConcurrencyStudyUITests;
			sourceTree = "<group>";
		};
/* End PBXGroup section */

/* Begin PBXNativeTarget section */
		07AB845529B30EBA00DCF005 /* AppleConcurrencyStudy */ = {
			isa = PBXNativeTarget;
			buildConfigurationList = 07AB848029B30EBC00DCF005 /* Build configuration list for PBXNativeTarget "AppleConcurrencyStudy" */;
			buildPhases = (
				07AB845229B30EBA00DCF005 /* Sources */,
				07AB845329B30EBA00DCF005 /* Frameworks */,
				07AB845429B30EBA00DCF005 /* Resources */,
			);
			buildRules = (
			);
			dependencies = (
			);
			name = AppleConcurrencyStudy;
			productName = AppleConcurrencyStudy;
			productReference = 07AB845629B30EBA00DCF005 /* AppleConcurrencyStudy.app */;
			productType = "com.apple.product-type.application";
		};
		07AB846B29B30EBC00DCF005 /* AppleConcurrencyStudyTests */ = {
			isa = PBXNativeTarget;
			buildConfigurationList = 07AB848329B30EBC00DCF005 /* Build configuration list for PBXNativeTarget "AppleConcurrencyStudyTests" */;
			buildPhases = (
				07AB846829B30EBC00DCF005 /* Sources */,
				07AB846929B30EBC00DCF005 /* Frameworks */,
				07AB846A29B30EBC00DCF005 /* Resources */,
			);
			buildRules = (
			);
			dependencies = (
				07AB846E29B30EBC00DCF005 /* PBXTargetDependency */,
			);
			name = AppleConcurrencyStudyTests;
			productName = AppleConcurrencyStudyTests;
			productReference = 07AB846C29B30EBC00DCF005 /* AppleConcurrencyStudyTests.xctest */;
			productType = "com.apple.product-type.bundle.unit-test";
		};
		07AB847529B30EBC00DCF005 /* AppleConcurrencyStudyUITests */ = {
			isa = PBXNativeTarget;
			buildConfigurationList = 07AB848629B30EBC00DCF005 /* Build configuration list for PBXNativeTarget "AppleConcurrencyStudyUITests" */;
			buildPhases = (
				07AB847229B30EBC00DCF005 /* Sources */,
				07AB847329B30EBC00DCF005 /* Frameworks */,
				07AB847429B30EBC00DCF005 /* Resources */,
			);
			buildRules = (
			);
			dependencies = (
				07AB847829B30EBC00DCF005 /* PBXTargetDependency */,
			);
			name = AppleConcurrencyStudyUITests;
			productName = AppleConcurrencyStudyUITests;
			productReference = 07AB847629B30EBC00DCF005 /* AppleConcurrencyStudyUITests.xctest */;
			productType = "com.apple.product-type.bundle.ui-testing";
		};
/* End PBXNativeTarget section */

/* Begin PBXProject section */
		07AB844E29B30EBA00DCF005 /* Project object */ = {
			isa = PBXProject;
			attributes = {
				BuildIndependentTargetsInParallel = 1;
				LastSwiftUpdateCheck = 1410;
				LastUpgradeCheck = 1410;
				TargetAttributes = {
					07AB845529B30EBA00DCF005 = {
						CreatedOnToolsVersion = 14.1;
					};
					07AB846B29B30EBC00DCF005 = {
						CreatedOnToolsVersion = 14.1;
						TestTargetID = 07AB845529B30EBA00DCF005;
					};
					07AB847529B30EBC00DCF005 = {
						CreatedOnToolsVersion = 14.1;
						TestTargetID = 07AB845529B30EBA00DCF005;
					};
				};
			};
			buildConfigurationList = 07AB845129B30EBA00DCF005 /* Build configuration list for PBXProject "AppleConcurrencyStudy" */;
			compatibilityVersion = "Xcode 14.0";
			developmentRegion = en;
			hasScannedForEncodings = 0;
			knownRegions = (
				en,
				Base,
			);
			mainGroup = 07AB844D29B30EBA00DCF005;
			productRefGroup = 07AB845729B30EBA00DCF005 /* Products */;
			projectDirPath = "";
			projectRoot = "";
			targets = (
				07AB845529B30EBA00DCF005 /* AppleConcurrencyStudy */,
				07AB846B29B30EBC00DCF005 /* AppleConcurrencyStudyTests */,
				07AB847529B30EBC00DCF005 /* AppleConcurrencyStudyUITests */,
			);
		};
/* End PBXProject section */

/* Begin PBXResourcesBuildPhase section */
		07AB845429B30EBA00DCF005 /* Resources */ = {
			isa = PBXResourcesBuildPhase;
			buildActionMask = 2147483647;
			files = (
				07AB846629B30EBC00DCF005 /* LaunchScreen.storyboard in Resources */,
				07AB846329B30EBC00DCF005 /* Assets.xcassets in Resources */,
				07AB846129B30EBA00DCF005 /* Main.storyboard in Resources */,
			);
			runOnlyForDeploymentPostprocessing = 0;
		};
		07AB846A29B30EBC00DCF005 /* Resources */ = {
			isa = PBXResourcesBuildPhase;
			buildActionMask = 2147483647;
			files = (
			);
			runOnlyForDeploymentPostprocessing = 0;
		};
		07AB847429B30EBC00DCF005 /* Resources */ = {
			isa = PBXResourcesBuildPhase;
			buildActionMask = 2147483647;
			files = (
			);
			runOnlyForDeploymentPostprocessing = 0;
		};
/* End PBXResourcesBuildPhase section */

/* Begin PBXSourcesBuildPhase section */
		07AB845229B30EBA00DCF005 /* Sources */ = {
			isa = PBXSourcesBuildPhase;
			buildActionMask = 2147483647;
			files = (
				07AB845E29B30EBA00DCF005 /* ViewController.swift in Sources */,
				07AB848A29B30FC900DCF005 /* ImageLoaderView.swift in Sources */,
				07AB845A29B30EBA00DCF005 /* AppDelegate.swift in Sources */,
				07AB845C29B30EBA00DCF005 /* SceneDelegate.swift in Sources */,
				07AB849029B4742300DCF005 /* ImageSourceInfo.swift in Sources */,
				07AB848C29B45D2900DCF005 /* ImageLiteral.swift in Sources */,
			);
			runOnlyForDeploymentPostprocessing = 0;
		};
		07AB846829B30EBC00DCF005 /* Sources */ = {
			isa = PBXSourcesBuildPhase;
			buildActionMask = 2147483647;
			files = (
				07AB847129B30EBC00DCF005 /* AppleConcurrencyStudyTests.swift in Sources */,
			);
			runOnlyForDeploymentPostprocessing = 0;
		};
		07AB847229B30EBC00DCF005 /* Sources */ = {
			isa = PBXSourcesBuildPhase;
			buildActionMask = 2147483647;
			files = (
				07AB847B29B30EBC00DCF005 /* AppleConcurrencyStudyUITests.swift in Sources */,
				07AB847D29B30EBC00DCF005 /* AppleConcurrencyStudyUITestsLaunchTests.swift in Sources */,
			);
			runOnlyForDeploymentPostprocessing = 0;
		};
/* End PBXSourcesBuildPhase section */

/* Begin PBXTargetDependency section */
		07AB846E29B30EBC00DCF005 /* PBXTargetDependency */ = {
			isa = PBXTargetDependency;
			target = 07AB845529B30EBA00DCF005 /* AppleConcurrencyStudy */;
			targetProxy = 07AB846D29B30EBC00DCF005 /* PBXContainerItemProxy */;
		};
		07AB847829B30EBC00DCF005 /* PBXTargetDependency */ = {
			isa = PBXTargetDependency;
			target = 07AB845529B30EBA00DCF005 /* AppleConcurrencyStudy */;
			targetProxy = 07AB847729B30EBC00DCF005 /* PBXContainerItemProxy */;
		};
/* End PBXTargetDependency section */

/* Begin PBXVariantGroup section */
		07AB845F29B30EBA00DCF005 /* Main.storyboard */ = {
			isa = PBXVariantGroup;
			children = (
				07AB846029B30EBA00DCF005 /* Base */,
			);
			name = Main.storyboard;
			sourceTree = "<group>";
		};
		07AB846429B30EBC00DCF005 /* LaunchScreen.storyboard */ = {
			isa = PBXVariantGroup;
			children = (
				07AB846529B30EBC00DCF005 /* Base */,
			);
			name = LaunchScreen.storyboard;
			sourceTree = "<group>";
		};
/* End PBXVariantGroup section */

/* Begin XCBuildConfiguration section */
		07AB847E29B30EBC00DCF005 /* Debug */ = {
			isa = XCBuildConfiguration;
			buildSettings = {
				ALWAYS_SEARCH_USER_PATHS = NO;
				CLANG_ANALYZER_NONNULL = YES;
				CLANG_ANALYZER_NUMBER_OBJECT_CONVERSION = YES_AGGRESSIVE;
				CLANG_CXX_LANGUAGE_STANDARD = "gnu++20";
				CLANG_ENABLE_MODULES = YES;
				CLANG_ENABLE_OBJC_ARC = YES;
				CLANG_ENABLE_OBJC_WEAK = YES;
				CLANG_WARN_BLOCK_CAPTURE_AUTORELEASING = YES;
				CLANG_WARN_BOOL_CONVERSION = YES;
				CLANG_WARN_COMMA = YES;
				CLANG_WARN_CONSTANT_CONVERSION = YES;
				CLANG_WARN_DEPRECATED_OBJC_IMPLEMENTATIONS = YES;
				CLANG_WARN_DIRECT_OBJC_ISA_USAGE = YES_ERROR;
				CLANG_WARN_DOCUMENTATION_COMMENTS = YES;
				CLANG_WARN_EMPTY_BODY = YES;
				CLANG_WARN_ENUM_CONVERSION = YES;
				CLANG_WARN_INFINITE_RECURSION = YES;
				CLANG_WARN_INT_CONVERSION = YES;
				CLANG_WARN_NON_LITERAL_NULL_CONVERSION = YES;
				CLANG_WARN_OBJC_IMPLICIT_RETAIN_SELF = YES;
				CLANG_WARN_OBJC_LITERAL_CONVERSION = YES;
				CLANG_WARN_OBJC_ROOT_CLASS = YES_ERROR;
				CLANG_WARN_QUOTED_INCLUDE_IN_FRAMEWORK_HEADER = YES;
				CLANG_WARN_RANGE_LOOP_ANALYSIS = YES;
				CLANG_WARN_STRICT_PROTOTYPES = YES;
				CLANG_WARN_SUSPICIOUS_MOVE = YES;
				CLANG_WARN_UNGUARDED_AVAILABILITY = YES_AGGRESSIVE;
				CLANG_WARN_UNREACHABLE_CODE = YES;
				CLANG_WARN__DUPLICATE_METHOD_MATCH = YES;
				COPY_PHASE_STRIP = NO;
				DEBUG_INFORMATION_FORMAT = dwarf;
				ENABLE_STRICT_OBJC_MSGSEND = YES;
				ENABLE_TESTABILITY = YES;
				GCC_C_LANGUAGE_STANDARD = gnu11;
				GCC_DYNAMIC_NO_PIC = NO;
				GCC_NO_COMMON_BLOCKS = YES;
				GCC_OPTIMIZATION_LEVEL = 0;
				GCC_PREPROCESSOR_DEFINITIONS = (
					"DEBUG=1",
					"$(inherited)",
				);
				GCC_WARN_64_TO_32_BIT_CONVERSION = YES;
				GCC_WARN_ABOUT_RETURN_TYPE = YES_ERROR;
				GCC_WARN_UNDECLARED_SELECTOR = YES;
				GCC_WARN_UNINITIALIZED_AUTOS = YES_AGGRESSIVE;
				GCC_WARN_UNUSED_FUNCTION = YES;
				GCC_WARN_UNUSED_VARIABLE = YES;
				IPHONEOS_DEPLOYMENT_TARGET = 16.1;
				MTL_ENABLE_DEBUG_INFO = INCLUDE_SOURCE;
				MTL_FAST_MATH = YES;
				ONLY_ACTIVE_ARCH = YES;
				SDKROOT = iphoneos;
				SWIFT_ACTIVE_COMPILATION_CONDITIONS = DEBUG;
				SWIFT_OPTIMIZATION_LEVEL = "-Onone";
			};
			name = Debug;
		};
		07AB847F29B30EBC00DCF005 /* Release */ = {
			isa = XCBuildConfiguration;
			buildSettings = {
				ALWAYS_SEARCH_USER_PATHS = NO;
				CLANG_ANALYZER_NONNULL = YES;
				CLANG_ANALYZER_NUMBER_OBJECT_CONVERSION = YES_AGGRESSIVE;
				CLANG_CXX_LANGUAGE_STANDARD = "gnu++20";
				CLANG_ENABLE_MODULES = YES;
				CLANG_ENABLE_OBJC_ARC = YES;
				CLANG_ENABLE_OBJC_WEAK = YES;
				CLANG_WARN_BLOCK_CAPTURE_AUTORELEASING = YES;
				CLANG_WARN_BOOL_CONVERSION = YES;
				CLANG_WARN_COMMA = YES;
				CLANG_WARN_CONSTANT_CONVERSION = YES;
				CLANG_WARN_DEPRECATED_OBJC_IMPLEMENTATIONS = YES;
				CLANG_WARN_DIRECT_OBJC_ISA_USAGE = YES_ERROR;
				CLANG_WARN_DOCUMENTATION_COMMENTS = YES;
				CLANG_WARN_EMPTY_BODY = YES;
				CLANG_WARN_ENUM_CONVERSION = YES;
				CLANG_WARN_INFINITE_RECURSION = YES;
				CLANG_WARN_INT_CONVERSION = YES;
				CLANG_WARN_NON_LITERAL_NULL_CONVERSION = YES;
				CLANG_WARN_OBJC_IMPLICIT_RETAIN_SELF = YES;
				CLANG_WARN_OBJC_LITERAL_CONVERSION = YES;
				CLANG_WARN_OBJC_ROOT_CLASS = YES_ERROR;
				CLANG_WARN_QUOTED_INCLUDE_IN_FRAMEWORK_HEADER = YES;
				CLANG_WARN_RANGE_LOOP_ANALYSIS = YES;
				CLANG_WARN_STRICT_PROTOTYPES = YES;
				CLANG_WARN_SUSPICIOUS_MOVE = YES;
				CLANG_WARN_UNGUARDED_AVAILABILITY = YES_AGGRESSIVE;
				CLANG_WARN_UNREACHABLE_CODE = YES;
				CLANG_WARN__DUPLICATE_METHOD_MATCH = YES;
				COPY_PHASE_STRIP = NO;
				DEBUG_INFORMATION_FORMAT = "dwarf-with-dsym";
				ENABLE_NS_ASSERTIONS = NO;
				ENABLE_STRICT_OBJC_MSGSEND = YES;
				GCC_C_LANGUAGE_STANDARD = gnu11;
				GCC_NO_COMMON_BLOCKS = YES;
				GCC_WARN_64_TO_32_BIT_CONVERSION = YES;
				GCC_WARN_ABOUT_RETURN_TYPE = YES_ERROR;
				GCC_WARN_UNDECLARED_SELECTOR = YES;
				GCC_WARN_UNINITIALIZED_AUTOS = YES_AGGRESSIVE;
				GCC_WARN_UNUSED_FUNCTION = YES;
				GCC_WARN_UNUSED_VARIABLE = YES;
				IPHONEOS_DEPLOYMENT_TARGET = 16.1;
				MTL_ENABLE_DEBUG_INFO = NO;
				MTL_FAST_MATH = YES;
				SDKROOT = iphoneos;
				SWIFT_COMPILATION_MODE = wholemodule;
				SWIFT_OPTIMIZATION_LEVEL = "-O";
				VALIDATE_PRODUCT = YES;
			};
			name = Release;
		};
		07AB848129B30EBC00DCF005 /* Debug */ = {
			isa = XCBuildConfiguration;
			buildSettings = {
				ASSETCATALOG_COMPILER_APPICON_NAME = AppIcon;
				ASSETCATALOG_COMPILER_GLOBAL_ACCENT_COLOR_NAME = AccentColor;
				CODE_SIGN_STYLE = Automatic;
				CURRENT_PROJECT_VERSION = 1;
				GENERATE_INFOPLIST_FILE = YES;
				INFOPLIST_FILE = AppleConcurrencyStudy/Info.plist;
				INFOPLIST_KEY_UIApplicationSupportsIndirectInputEvents = YES;
				INFOPLIST_KEY_UILaunchStoryboardName = LaunchScreen;
				INFOPLIST_KEY_UIMainStoryboardFile = Main;
				INFOPLIST_KEY_UISupportedInterfaceOrientations_iPad = "UIInterfaceOrientationPortrait UIInterfaceOrientationPortraitUpsideDown UIInterfaceOrientationLandscapeLeft UIInterfaceOrientationLandscapeRight";
				INFOPLIST_KEY_UISupportedInterfaceOrientations_iPhone = "UIInterfaceOrientationPortrait UIInterfaceOrientationLandscapeLeft UIInterfaceOrientationLandscapeRight";
				LD_RUNPATH_SEARCH_PATHS = (
					"$(inherited)",
					"@executable_path/Frameworks",
				);
				MARKETING_VERSION = 1.0;
				PRODUCT_BUNDLE_IDENTIFIER = com.SnoopyStudy.AppleConcurrencyStudy;
				PRODUCT_NAME = "$(TARGET_NAME)";
				SWIFT_EMIT_LOC_STRINGS = YES;
				SWIFT_VERSION = 5.0;
				TARGETED_DEVICE_FAMILY = "1,2";
			};
			name = Debug;
		};
		07AB848229B30EBC00DCF005 /* Release */ = {
			isa = XCBuildConfiguration;
			buildSettings = {
				ASSETCATALOG_COMPILER_APPICON_NAME = AppIcon;
				ASSETCATALOG_COMPILER_GLOBAL_ACCENT_COLOR_NAME = AccentColor;
				CODE_SIGN_STYLE = Automatic;
				CURRENT_PROJECT_VERSION = 1;
				GENERATE_INFOPLIST_FILE = YES;
				INFOPLIST_FILE = AppleConcurrencyStudy/Info.plist;
				INFOPLIST_KEY_UIApplicationSupportsIndirectInputEvents = YES;
				INFOPLIST_KEY_UILaunchStoryboardName = LaunchScreen;
				INFOPLIST_KEY_UIMainStoryboardFile = Main;
				INFOPLIST_KEY_UISupportedInterfaceOrientations_iPad = "UIInterfaceOrientationPortrait UIInterfaceOrientationPortraitUpsideDown UIInterfaceOrientationLandscapeLeft UIInterfaceOrientationLandscapeRight";
				INFOPLIST_KEY_UISupportedInterfaceOrientations_iPhone = "UIInterfaceOrientationPortrait UIInterfaceOrientationLandscapeLeft UIInterfaceOrientationLandscapeRight";
				LD_RUNPATH_SEARCH_PATHS = (
					"$(inherited)",
					"@executable_path/Frameworks",
				);
				MARKETING_VERSION = 1.0;
				PRODUCT_BUNDLE_IDENTIFIER = com.SnoopyStudy.AppleConcurrencyStudy;
				PRODUCT_NAME = "$(TARGET_NAME)";
				SWIFT_EMIT_LOC_STRINGS = YES;
				SWIFT_VERSION = 5.0;
				TARGETED_DEVICE_FAMILY = "1,2";
			};
			name = Release;
		};
		07AB848429B30EBC00DCF005 /* Debug */ = {
			isa = XCBuildConfiguration;
			buildSettings = {
				ALWAYS_EMBED_SWIFT_STANDARD_LIBRARIES = YES;
				BUNDLE_LOADER = "$(TEST_HOST)";
				CODE_SIGN_STYLE = Automatic;
				CURRENT_PROJECT_VERSION = 1;
				GENERATE_INFOPLIST_FILE = YES;
				IPHONEOS_DEPLOYMENT_TARGET = 16.1;
				MARKETING_VERSION = 1.0;
				PRODUCT_BUNDLE_IDENTIFIER = com.SnoopyStudy.AppleConcurrencyStudyTests;
				PRODUCT_NAME = "$(TARGET_NAME)";
				SWIFT_EMIT_LOC_STRINGS = NO;
				SWIFT_VERSION = 5.0;
				TARGETED_DEVICE_FAMILY = "1,2";
				TEST_HOST = "$(BUILT_PRODUCTS_DIR)/AppleConcurrencyStudy.app/$(BUNDLE_EXECUTABLE_FOLDER_PATH)/AppleConcurrencyStudy";
			};
			name = Debug;
		};
		07AB848529B30EBC00DCF005 /* Release */ = {
			isa = XCBuildConfiguration;
			buildSettings = {
				ALWAYS_EMBED_SWIFT_STANDARD_LIBRARIES = YES;
				BUNDLE_LOADER = "$(TEST_HOST)";
				CODE_SIGN_STYLE = Automatic;
				CURRENT_PROJECT_VERSION = 1;
				GENERATE_INFOPLIST_FILE = YES;
				IPHONEOS_DEPLOYMENT_TARGET = 16.1;
				MARKETING_VERSION = 1.0;
				PRODUCT_BUNDLE_IDENTIFIER = com.SnoopyStudy.AppleConcurrencyStudyTests;
				PRODUCT_NAME = "$(TARGET_NAME)";
				SWIFT_EMIT_LOC_STRINGS = NO;
				SWIFT_VERSION = 5.0;
				TARGETED_DEVICE_FAMILY = "1,2";
				TEST_HOST = "$(BUILT_PRODUCTS_DIR)/AppleConcurrencyStudy.app/$(BUNDLE_EXECUTABLE_FOLDER_PATH)/AppleConcurrencyStudy";
			};
			name = Release;
		};
		07AB848729B30EBC00DCF005 /* Debug */ = {
			isa = XCBuildConfiguration;
			buildSettings = {
				ALWAYS_EMBED_SWIFT_STANDARD_LIBRARIES = YES;
				CODE_SIGN_STYLE = Automatic;
				CURRENT_PROJECT_VERSION = 1;
				GENERATE_INFOPLIST_FILE = YES;
				MARKETING_VERSION = 1.0;
				PRODUCT_BUNDLE_IDENTIFIER = com.SnoopyStudy.AppleConcurrencyStudyUITests;
				PRODUCT_NAME = "$(TARGET_NAME)";
				SWIFT_EMIT_LOC_STRINGS = NO;
				SWIFT_VERSION = 5.0;
				TARGETED_DEVICE_FAMILY = "1,2";
				TEST_TARGET_NAME = AppleConcurrencyStudy;
			};
			name = Debug;
		};
		07AB848829B30EBC00DCF005 /* Release */ = {
			isa = XCBuildConfiguration;
			buildSettings = {
				ALWAYS_EMBED_SWIFT_STANDARD_LIBRARIES = YES;
				CODE_SIGN_STYLE = Automatic;
				CURRENT_PROJECT_VERSION = 1;
				GENERATE_INFOPLIST_FILE = YES;
				MARKETING_VERSION = 1.0;
				PRODUCT_BUNDLE_IDENTIFIER = com.SnoopyStudy.AppleConcurrencyStudyUITests;
				PRODUCT_NAME = "$(TARGET_NAME)";
				SWIFT_EMIT_LOC_STRINGS = NO;
				SWIFT_VERSION = 5.0;
				TARGETED_DEVICE_FAMILY = "1,2";
				TEST_TARGET_NAME = AppleConcurrencyStudy;
			};
			name = Release;
		};
/* End XCBuildConfiguration section */

/* Begin XCConfigurationList section */
		07AB845129B30EBA00DCF005 /* Build configuration list for PBXProject "AppleConcurrencyStudy" */ = {
			isa = XCConfigurationList;
			buildConfigurations = (
				07AB847E29B30EBC00DCF005 /* Debug */,
				07AB847F29B30EBC00DCF005 /* Release */,
			);
			defaultConfigurationIsVisible = 0;
			defaultConfigurationName = Release;
		};
		07AB848029B30EBC00DCF005 /* Build configuration list for PBXNativeTarget "AppleConcurrencyStudy" */ = {
			isa = XCConfigurationList;
			buildConfigurations = (
				07AB848129B30EBC00DCF005 /* Debug */,
				07AB848229B30EBC00DCF005 /* Release */,
			);
			defaultConfigurationIsVisible = 0;
			defaultConfigurationName = Release;
		};
		07AB848329B30EBC00DCF005 /* Build configuration list for PBXNativeTarget "AppleConcurrencyStudyTests" */ = {
			isa = XCConfigurationList;
			buildConfigurations = (
				07AB848429B30EBC00DCF005 /* Debug */,
				07AB848529B30EBC00DCF005 /* Release */,
			);
			defaultConfigurationIsVisible = 0;
			defaultConfigurationName = Release;
		};
		07AB848629B30EBC00DCF005 /* Build configuration list for PBXNativeTarget "AppleConcurrencyStudyUITests" */ = {
			isa = XCConfigurationList;
			buildConfigurations = (
				07AB848729B30EBC00DCF005 /* Debug */,
				07AB848829B30EBC00DCF005 /* Release */,
			);
			defaultConfigurationIsVisible = 0;
			defaultConfigurationName = Release;
		};
/* End XCConfigurationList section */
	};
	rootObject = 07AB844E29B30EBA00DCF005 /* Project object */;
}
